
Microsoft Visual Studio Solution File, Format Version 12.00
# Visual Studio 2013
VisualStudioVersion = 12.0.31101.0
MinimumVisualStudioVersion = 10.0.40219.1
Project("{FAE04EC0-301F-11D3-BF4B-00C04F79EFBC}") = "HelpDesk.Business", "HelpDesk.Business\HelpDesk.Business.csproj", "{67F3254E-F7AD-48D3-8143-9B9EADB7B2B7}"
EndProject
Project("{FAE04EC0-301F-11D3-BF4B-00C04F79EFBC}") = "HelpDesk.Data", "HelpDesk.Data\HelpDesk.Data.csproj", "{6E02401A-651A-45D2-AE32-D14D91850EAF}"
EndProject
Project("{FAE04EC0-301F-11D3-BF4B-00C04F79EFBC}") = "HelpDesk.UI.Web", "HelpDesk.UI.Web\HelpDesk.UI.Web.csproj", "{36CABF4C-7E3E-47A9-B0F6-97123D885EC1}"
EndProject
Project("{FAE04EC0-301F-11D3-BF4B-00C04F79EFBC}") = "HelpDesk.API", "HelpDesk.API\HelpDesk.API.csproj", "{1A87F4E0-313A-4CFB-AEF8-DF2B0A6B26C3}"
EndProject
Global
	GlobalSection(SolutionConfigurationPlatforms) = preSolution
		Debug|Any CPU = Debug|Any CPU
		Release|Any CPU = Release|Any CPU
	EndGlobalSection
	GlobalSection(ProjectConfigurationPlatforms) = postSolution
		{67F3254E-F7AD-48D3-8143-9B9EADB7B2B7}.Debug|Any CPU.ActiveCfg = Debug|Any CPU
		{67F3254E-F7AD-48D3-8143-9B9EADB7B2B7}.Debug|Any CPU.Build.0 = Debug|Any CPU
		{67F3254E-F7AD-48D3-8143-9B9EADB7B2B7}.Release|Any CPU.ActiveCfg = Release|Any CPU
		{67F3254E-F7AD-48D3-8143-9B9EADB7B2B7}.Release|Any CPU.Build.0 = Release|Any CPU
		{6E02401A-651A-45D2-AE32-D14D91850EAF}.Debug|Any CPU.ActiveCfg = Debug|Any CPU
		{6E02401A-651A-45D2-AE32-D14D91850EAF}.Debug|Any CPU.Build.0 = Debug|Any CPU
		{6E02401A-651A-45D2-AE32-D14D91850EAF}.Release|Any CPU.ActiveCfg = Release|Any CPU
		{6E02401A-651A-45D2-AE32-D14D91850EAF}.Release|Any CPU.Build.0 = Release|Any CPU
		{36CABF4C-7E3E-47A9-B0F6-97123D885EC1}.Debug|Any CPU.ActiveCfg = Debug|Any CPU
		{36CABF4C-7E3E-47A9-B0F6-97123D885EC1}.Debug|Any CPU.Build.0 = Debug|Any CPU
		{36CABF4C-7E3E-47A9-B0F6-97123D885EC1}.Release|Any CPU.ActiveCfg = Release|Any CPU
		{36CABF4C-7E3E-47A9-B0F6-97123D885EC1}.Release|Any CPU.Build.0 = Release|Any CPU
		{1A87F4E0-313A-4CFB-AEF8-DF2B0A6B26C3}.Debug|Any CPU.ActiveCfg = Debug|Any CPU
		{1A87F4E0-313A-4CFB-AEF8-DF2B0A6B26C3}.Debug|Any CPU.Build.0 = Debug|Any CPU
		{1A87F4E0-313A-4CFB-AEF8-DF2B0A6B26C3}.Release|Any CPU.ActiveCfg = Release|Any CPU
		{1A87F4E0-313A-4CFB-AEF8-DF2B0A6B26C3}.Release|Any CPU.Build.0 = Release|Any CPU
	EndGlobalSection
	GlobalSection(SolutionProperties) = preSolution
		HideSolutionNode = FALSE
	EndGlobalSection
EndGlobal
